
Microsoft Visual Studio Solution File, Format Version 12.00
# Visual Studio Version 16
VisualStudioVersion = 16.0.30611.23
MinimumVisualStudioVersion = 10.0.40219.1
Project("{2150E333-8FDC-42A3-9474-1A3956D46DE8}") = "src", "src", "{2E43F717-81D9-4816-AB56-BEC4AD61DBE3}"
EndProject
Project("{2150E333-8FDC-42A3-9474-1A3956D46DE8}") = "test", "test", "{077F0BA7-8AF8-48FF-B3CC-628AD137E742}"
EndProject
Project("{FAE04EC0-301F-11D3-BF4B-00C04F79EFBC}") = "Bakery", "src\Bakery\Bakery.csproj", "{F0881107-3442-4DCC-B5A4-08914BC0654C}"
EndProject
Project("{FAE04EC0-301F-11D3-BF4B-00C04F79EFBC}") = "BakeryTests", "test\BakeryTests\BakeryTests.csproj", "{29B40370-B7E2-44B2-9D90-56C9B4D4CD12}"
EndProject
Project("{FAE04EC0-301F-11D3-BF4B-00C04F79EFBC}") = "BakeryApplication", "src\BakeryApplication\BakeryApplication.csproj", "{0B72F9E7-E87F-4B9A-8318-7EB0E360CDA6}"
EndProject
Global
	GlobalSection(SolutionConfigurationPlatforms) = preSolution
		Debug|Any CPU = Debug|Any CPU
		Release|Any CPU = Release|Any CPU
	EndGlobalSection
	GlobalSection(ProjectConfigurationPlatforms) = postSolution
		{F0881107-3442-4DCC-B5A4-08914BC0654C}.Debug|Any CPU.ActiveCfg = Debug|Any CPU
		{F0881107-3442-4DCC-B5A4-08914BC0654C}.Debug|Any CPU.Build.0 = Debug|Any CPU
		{F0881107-3442-4DCC-B5A4-08914BC0654C}.Release|Any CPU.ActiveCfg = Release|Any CPU
		{F0881107-3442-4DCC-B5A4-08914BC0654C}.Release|Any CPU.Build.0 = Release|Any CPU
		{29B40370-B7E2-44B2-9D90-56C9B4D4CD12}.Debug|Any CPU.ActiveCfg = Debug|Any CPU
		{29B40370-B7E2-44B2-9D90-56C9B4D4CD12}.Debug|Any CPU.Build.0 = Debug|Any CPU
		{29B40370-B7E2-44B2-9D90-56C9B4D4CD12}.Release|Any CPU.ActiveCfg = Release|Any CPU
		{29B40370-B7E2-44B2-9D90-56C9B4D4CD12}.Release|Any CPU.Build.0 = Release|Any CPU
		{0B72F9E7-E87F-4B9A-8318-7EB0E360CDA6}.Debug|Any CPU.ActiveCfg = Debug|Any CPU
		{0B72F9E7-E87F-4B9A-8318-7EB0E360CDA6}.Debug|Any CPU.Build.0 = Debug|Any CPU
		{0B72F9E7-E87F-4B9A-8318-7EB0E360CDA6}.Release|Any CPU.ActiveCfg = Release|Any CPU
		{0B72F9E7-E87F-4B9A-8318-7EB0E360CDA6}.Release|Any CPU.Build.0 = Release|Any CPU
	EndGlobalSection
	GlobalSection(SolutionProperties) = preSolution
		HideSolutionNode = FALSE
	EndGlobalSection
	GlobalSection(NestedProjects) = preSolution
		{F0881107-3442-4DCC-B5A4-08914BC0654C} = {2E43F717-81D9-4816-AB56-BEC4AD61DBE3}
		{29B40370-B7E2-44B2-9D90-56C9B4D4CD12} = {077F0BA7-8AF8-48FF-B3CC-628AD137E742}
		{0B72F9E7-E87F-4B9A-8318-7EB0E360CDA6} = {2E43F717-81D9-4816-AB56-BEC4AD61DBE3}
	EndGlobalSection
	GlobalSection(ExtensibilityGlobals) = postSolution
		SolutionGuid = {B3CEBF42-0C74-4C4F-8C97-B1DD365416B2}
	EndGlobalSection
EndGlobal
